
Microsoft Visual Studio Solution File, Format Version 12.00
# Visual Studio Version 17
VisualStudioVersion = 17.10.35122.118
MinimumVisualStudioVersion = 10.0.40219.1
Project("{FAE04EC0-301F-11D3-BF4B-00C04F79EFBC}") = "FormsApp1", "FormsApp1\FormsApp1.csproj", "{1E124830-297B-4A55-B667-13C09F7D6401}"
EndProject
Global
	GlobalSection(SolutionConfigurationPlatforms) = preSolution
		Debug|Any CPU = Debug|Any CPU
		Release|Any CPU = Release|Any CPU
	EndGlobalSection
	GlobalSection(ProjectConfigurationPlatforms) = postSolution
		{1E124830-297B-4A55-B667-13C09F7D6401}.Debug|Any CPU.ActiveCfg = Debug|Any CPU
		{1E124830-297B-4A55-B667-13C09F7D6401}.Debug|Any CPU.Build.0 = Debug|Any CPU
		{1E124830-297B-4A55-B667-13C09F7D6401}.Release|Any CPU.ActiveCfg = Release|Any CPU
		{1E124830-297B-4A55-B667-13C09F7D6401}.Release|Any CPU.Build.0 = Release|Any CPU
	EndGlobalSection
	GlobalSection(SolutionProperties) = preSolution
		HideSolutionNode = FALSE
	EndGlobalSection
	GlobalSection(ExtensibilityGlobals) = postSolution
		SolutionGuid = {130A8CEE-33E2-4595-9543-F88D8501F10D}
	EndGlobalSection
EndGlobal
